
Microsoft Visual Studio Solution File, Format Version 12.00
# Visual Studio Version 17
VisualStudioVersion = 17.0.32014.148
MinimumVisualStudioVersion = 10.0.40219.1
Project("{FAE04EC0-301F-11D3-BF4B-00C04F79EFBC}") = "E-Ticaret", "E-Ticaret\E-Ticaret.csproj", "{7A777746-2F2B-4707-B837-541BA64BB59F}"
EndProject
Global
	GlobalSection(SolutionConfigurationPlatforms) = preSolution
		Debug|Any CPU = Debug|Any CPU
		Release|Any CPU = Release|Any CPU
	EndGlobalSection
	GlobalSection(ProjectConfigurationPlatforms) = postSolution
		{7A777746-2F2B-4707-B837-541BA64BB59F}.Debug|Any CPU.ActiveCfg = Debug|Any CPU
		{7A777746-2F2B-4707-B837-541BA64BB59F}.Debug|Any CPU.Build.0 = Debug|Any CPU
		{7A777746-2F2B-4707-B837-541BA64BB59F}.Release|Any CPU.ActiveCfg = Release|Any CPU
		{7A777746-2F2B-4707-B837-541BA64BB59F}.Release|Any CPU.Build.0 = Release|Any CPU
	EndGlobalSection
	GlobalSection(SolutionProperties) = preSolution
		HideSolutionNode = FALSE
	EndGlobalSection
	GlobalSection(ExtensibilityGlobals) = postSolution
		SolutionGuid = {800B63DA-6382-42E7-8113-E7DB076D3908}
	EndGlobalSection
EndGlobal
